
Microsoft Visual Studio Solution File, Format Version 12.00
# Visual Studio Version 16
VisualStudioVersion = 16.0.31911.196
MinimumVisualStudioVersion = 10.0.40219.1
Project("{FAE04EC0-301F-11D3-BF4B-00C04F79EFBC}") = "Spiderweb.Common", "Spiderweb.Common\Spiderweb.Common.csproj", "{323D1019-B941-4D0F-BE5F-3378EA21AC52}"
EndProject
Project("{FAE04EC0-301F-11D3-BF4B-00C04F79EFBC}") = "Spiderweb.Device", "Spiderweb.Device\Spiderweb.Device.csproj", "{B932BBBB-A5D5-4697-9020-84E46425589E}"
EndProject
Project("{FAE04EC0-301F-11D3-BF4B-00C04F79EFBC}") = "Test", "Test\Test.csproj", "{D52A2758-C1EB-4CCC-8668-E69C5344F07F}"
EndProject
Project("{FAE04EC0-301F-11D3-BF4B-00C04F79EFBC}") = "Spiderweb.Utils", "Spiderweb.Utils\Spiderweb.Utils.csproj", "{40157122-48EA-4BE8-BA46-EDD4EFD5F184}"
EndProject
Project("{FAE04EC0-301F-11D3-BF4B-00C04F79EFBC}") = "Spiderweb.Win32", "Spiderweb.Win32\Spiderweb.Win32.csproj", "{8639353C-9395-4D5C-A595-36BCBB91EE8A}"
EndProject
Global
	GlobalSection(SolutionConfigurationPlatforms) = preSolution
		Debug|Any CPU = Debug|Any CPU
		Release|Any CPU = Release|Any CPU
	EndGlobalSection
	GlobalSection(ProjectConfigurationPlatforms) = postSolution
		{323D1019-B941-4D0F-BE5F-3378EA21AC52}.Debug|Any CPU.ActiveCfg = Debug|Any CPU
		{323D1019-B941-4D0F-BE5F-3378EA21AC52}.Debug|Any CPU.Build.0 = Debug|Any CPU
		{323D1019-B941-4D0F-BE5F-3378EA21AC52}.Release|Any CPU.ActiveCfg = Release|Any CPU
		{323D1019-B941-4D0F-BE5F-3378EA21AC52}.Release|Any CPU.Build.0 = Release|Any CPU
		{B932BBBB-A5D5-4697-9020-84E46425589E}.Debug|Any CPU.ActiveCfg = Debug|Any CPU
		{B932BBBB-A5D5-4697-9020-84E46425589E}.Debug|Any CPU.Build.0 = Debug|Any CPU
		{B932BBBB-A5D5-4697-9020-84E46425589E}.Release|Any CPU.ActiveCfg = Release|Any CPU
		{B932BBBB-A5D5-4697-9020-84E46425589E}.Release|Any CPU.Build.0 = Release|Any CPU
		{D52A2758-C1EB-4CCC-8668-E69C5344F07F}.Debug|Any CPU.ActiveCfg = Debug|Any CPU
		{D52A2758-C1EB-4CCC-8668-E69C5344F07F}.Debug|Any CPU.Build.0 = Debug|Any CPU
		{D52A2758-C1EB-4CCC-8668-E69C5344F07F}.Release|Any CPU.ActiveCfg = Release|Any CPU
		{D52A2758-C1EB-4CCC-8668-E69C5344F07F}.Release|Any CPU.Build.0 = Release|Any CPU
		{40157122-48EA-4BE8-BA46-EDD4EFD5F184}.Debug|Any CPU.ActiveCfg = Debug|Any CPU
		{40157122-48EA-4BE8-BA46-EDD4EFD5F184}.Debug|Any CPU.Build.0 = Debug|Any CPU
		{40157122-48EA-4BE8-BA46-EDD4EFD5F184}.Release|Any CPU.ActiveCfg = Release|Any CPU
		{40157122-48EA-4BE8-BA46-EDD4EFD5F184}.Release|Any CPU.Build.0 = Release|Any CPU
		{8639353C-9395-4D5C-A595-36BCBB91EE8A}.Debug|Any CPU.ActiveCfg = Debug|Any CPU
		{8639353C-9395-4D5C-A595-36BCBB91EE8A}.Debug|Any CPU.Build.0 = Debug|Any CPU
		{8639353C-9395-4D5C-A595-36BCBB91EE8A}.Release|Any CPU.ActiveCfg = Release|Any CPU
		{8639353C-9395-4D5C-A595-36BCBB91EE8A}.Release|Any CPU.Build.0 = Release|Any CPU
	EndGlobalSection
	GlobalSection(SolutionProperties) = preSolution
		HideSolutionNode = FALSE
	EndGlobalSection
	GlobalSection(ExtensibilityGlobals) = postSolution
		SolutionGuid = {AE7D0B4E-2B78-4DA9-A4D6-DC4103EFB972}
	EndGlobalSection
EndGlobal
